
Microsoft Visual Studio Solution File, Format Version 12.00
# Visual Studio Version 17
VisualStudioVersion = 17.14.37411.7 d17.14
MinimumVisualStudioVersion = 10.0.40219.1
Project("{FAE04EC0-301F-11D3-BF4B-00C04F79EFBC}") = "SistemaEmpleados", "SistemaEmpleados\SistemaEmpleados.csproj", "{933AB905-45F0-4D75-AFC3-4760FC6C2F57}"
EndProject
Global
	GlobalSection(SolutionConfigurationPlatforms) = preSolution
		Debug|Any CPU = Debug|Any CPU
		Release|Any CPU = Release|Any CPU
	EndGlobalSection
	GlobalSection(ProjectConfigurationPlatforms) = postSolution
		{933AB905-45F0-4D75-AFC3-4760FC6C2F57}.Debug|Any CPU.ActiveCfg = Debug|Any CPU
		{933AB905-45F0-4D75-AFC3-4760FC6C2F57}.Debug|Any CPU.Build.0 = Debug|Any CPU
		{933AB905-45F0-4D75-AFC3-4760FC6C2F57}.Release|Any CPU.ActiveCfg = Release|Any CPU
		{933AB905-45F0-4D75-AFC3-4760FC6C2F57}.Release|Any CPU.Build.0 = Release|Any CPU
	EndGlobalSection
	GlobalSection(SolutionProperties) = preSolution
		HideSolutionNode = FALSE
	EndGlobalSection
	GlobalSection(ExtensibilityGlobals) = postSolution
		SolutionGuid = {59EF77DE-2F70-4F40-BA00-89C7F677C049}
	EndGlobalSection
EndGlobal
